
Microsoft Visual Studio Solution File, Format Version 12.00
# Visual Studio Version 16
VisualStudioVersion = 16.0.30011.22
MinimumVisualStudioVersion = 10.0.40219.1
Project("{FAE04EC0-301F-11D3-BF4B-00C04F79EFBC}") = "Es1", "Es1\Es1.csproj", "{86119ABA-4ACE-46FD-BF55-B1600D57E5C0}"
EndProject
Project("{FAE04EC0-301F-11D3-BF4B-00C04F79EFBC}") = "LibreriaMatematica", "LibreriaMatematica\LibreriaMatematica.csproj", "{9E5E062E-BDC5-40A8-8885-17BA9A24B581}"
EndProject
Global
	GlobalSection(SolutionConfigurationPlatforms) = preSolution
		Debug|Any CPU = Debug|Any CPU
		Release|Any CPU = Release|Any CPU
	EndGlobalSection
	GlobalSection(ProjectConfigurationPlatforms) = postSolution
		{86119ABA-4ACE-46FD-BF55-B1600D57E5C0}.Debug|Any CPU.ActiveCfg = Debug|Any CPU
		{86119ABA-4ACE-46FD-BF55-B1600D57E5C0}.Debug|Any CPU.Build.0 = Debug|Any CPU
		{86119ABA-4ACE-46FD-BF55-B1600D57E5C0}.Release|Any CPU.ActiveCfg = Release|Any CPU
		{86119ABA-4ACE-46FD-BF55-B1600D57E5C0}.Release|Any CPU.Build.0 = Release|Any CPU
		{9E5E062E-BDC5-40A8-8885-17BA9A24B581}.Debug|Any CPU.ActiveCfg = Debug|Any CPU
		{9E5E062E-BDC5-40A8-8885-17BA9A24B581}.Debug|Any CPU.Build.0 = Debug|Any CPU
		{9E5E062E-BDC5-40A8-8885-17BA9A24B581}.Release|Any CPU.ActiveCfg = Release|Any CPU
		{9E5E062E-BDC5-40A8-8885-17BA9A24B581}.Release|Any CPU.Build.0 = Release|Any CPU
	EndGlobalSection
	GlobalSection(SolutionProperties) = preSolution
		HideSolutionNode = FALSE
	EndGlobalSection
	GlobalSection(ExtensibilityGlobals) = postSolution
		SolutionGuid = {E5A7B565-083F-4CF5-BAB3-A9F395AFB0F0}
	EndGlobalSection
EndGlobal
